
Microsoft Visual Studio Solution File, Format Version 12.00
# Visual Studio Version 17
VisualStudioVersion = 17.14.36202.13 d17.14
MinimumVisualStudioVersion = 10.0.40219.1
Project("{FAE04EC0-301F-11D3-BF4B-00C04F79EFBC}") = "ClubMembershipApplication", "ClubMembershipApplication\ClubMembershipApplication.csproj", "{6C96DA0A-DE64-489C-976F-C32D2E2C9416}"
EndProject
Project("{FAE04EC0-301F-11D3-BF4B-00C04F79EFBC}") = "FieldValidatorAPI", "FieldValidatorAPI\FieldValidatorAPI.csproj", "{3B9CF0E0-087C-4757-B9CD-AF13BEA21217}"
EndProject
Global
	GlobalSection(SolutionConfigurationPlatforms) = preSolution
		Debug|Any CPU = Debug|Any CPU
		Release|Any CPU = Release|Any CPU
	EndGlobalSection
	GlobalSection(ProjectConfigurationPlatforms) = postSolution
		{6C96DA0A-DE64-489C-976F-C32D2E2C9416}.Debug|Any CPU.ActiveCfg = Debug|Any CPU
		{6C96DA0A-DE64-489C-976F-C32D2E2C9416}.Debug|Any CPU.Build.0 = Debug|Any CPU
		{6C96DA0A-DE64-489C-976F-C32D2E2C9416}.Release|Any CPU.ActiveCfg = Release|Any CPU
		{6C96DA0A-DE64-489C-976F-C32D2E2C9416}.Release|Any CPU.Build.0 = Release|Any CPU
		{3B9CF0E0-087C-4757-B9CD-AF13BEA21217}.Debug|Any CPU.ActiveCfg = Debug|Any CPU
		{3B9CF0E0-087C-4757-B9CD-AF13BEA21217}.Debug|Any CPU.Build.0 = Debug|Any CPU
		{3B9CF0E0-087C-4757-B9CD-AF13BEA21217}.Release|Any CPU.ActiveCfg = Release|Any CPU
		{3B9CF0E0-087C-4757-B9CD-AF13BEA21217}.Release|Any CPU.Build.0 = Release|Any CPU
	EndGlobalSection
	GlobalSection(SolutionProperties) = preSolution
		HideSolutionNode = FALSE
	EndGlobalSection
	GlobalSection(ExtensibilityGlobals) = postSolution
		SolutionGuid = {1065D62D-D3C8-4004-AF4D-EAE91AB5E60F}
	EndGlobalSection
EndGlobal
