
Microsoft Visual Studio Solution File, Format Version 12.00
# Visual Studio Version 17
VisualStudioVersion = 17.14.36202.13
MinimumVisualStudioVersion = 10.0.40219.1
Project("{FAE04EC0-301F-11D3-BF4B-00C04F79EFBC}") = "SchoolHRAdministration", "SchoolHRAdministration\SchoolHRAdministration.csproj", "{3BA544F1-F02E-43C7-9666-6E459B379951}"
EndProject
Global
	GlobalSection(SolutionConfigurationPlatforms) = preSolution
		Debug|Any CPU = Debug|Any CPU
		Release|Any CPU = Release|Any CPU
	EndGlobalSection
	GlobalSection(ProjectConfigurationPlatforms) = postSolution
		{3BA544F1-F02E-43C7-9666-6E459B379951}.Debug|Any CPU.ActiveCfg = Debug|Any CPU
		{3BA544F1-F02E-43C7-9666-6E459B379951}.Debug|Any CPU.Build.0 = Debug|Any CPU
		{3BA544F1-F02E-43C7-9666-6E459B379951}.Release|Any CPU.ActiveCfg = Release|Any CPU
		{3BA544F1-F02E-43C7-9666-6E459B379951}.Release|Any CPU.Build.0 = Release|Any CPU
	EndGlobalSection
	GlobalSection(SolutionProperties) = preSolution
		HideSolutionNode = FALSE
	EndGlobalSection
	GlobalSection(ExtensibilityGlobals) = postSolution
		SolutionGuid = {DF4B180E-3A58-4335-B529-93C6E1440CD9}
	EndGlobalSection
EndGlobal
